
Microsoft Visual Studio Solution File, Format Version 12.00
# Visual Studio Version 17
VisualStudioVersion = 17.0.31903.59
MinimumVisualStudioVersion = 10.0.40219.1
Project("{2150E333-8FDC-42A3-9474-1A3956D46DE8}") = "src", "src", "{827E0CD3-B72D-47B6-A68D-7590B98EB39B}"
EndProject
Project("{FAE04EC0-301F-11D3-BF4B-00C04F79EFBC}") = "SoftimProject.Domain", "src\SoftimProject.Domain\SoftimProject.Domain.csproj", "{425CAE8C-C1CB-40F6-8E7F-A18EF63A2C2A}"
EndProject
Project("{FAE04EC0-301F-11D3-BF4B-00C04F79EFBC}") = "SoftimProject.Application", "src\SoftimProject.Application\SoftimProject.Application.csproj", "{297873C3-C6BF-458C-BB56-1389D4482D2E}"
EndProject
Project("{FAE04EC0-301F-11D3-BF4B-00C04F79EFBC}") = "SoftimProject.Infrastructure", "src\SoftimProject.Infrastructure\SoftimProject.Infrastructure.csproj", "{1325F13D-766D-42F4-B589-F830BB302E67}"
EndProject
Project("{FAE04EC0-301F-11D3-BF4B-00C04F79EFBC}") = "SoftimProject.WebApi", "src\SoftimProject.WebApi\SoftimProject.WebApi.csproj", "{B4F3BBDE-8588-4FC2-97D6-B87FDE29EF4D}"
EndProject
Project("{FAE04EC0-301F-11D3-BF4B-00C04F79EFBC}") = "SoftimProject.McpServer", "src\SoftimProject.McpServer\SoftimProject.McpServer.csproj", "{62D8DC2A-BF20-4CDA-B8D8-2ACE430F27F9}"
EndProject
Project("{2150E333-8FDC-42A3-9474-1A3956D46DE8}") = "tests", "tests", "{0AB3BF05-4346-4AA6-1389-037BE0695223}"
EndProject
Project("{FAE04EC0-301F-11D3-BF4B-00C04F79EFBC}") = "SoftimProject.Domain.Tests", "tests\SoftimProject.Domain.Tests\SoftimProject.Domain.Tests.csproj", "{FB416721-CD0B-4F2A-8A4E-31AE3674E13A}"
EndProject
Project("{FAE04EC0-301F-11D3-BF4B-00C04F79EFBC}") = "SoftimProject.Application.Tests", "tests\SoftimProject.Application.Tests\SoftimProject.Application.Tests.csproj", "{AC3BE052-D920-4560-9173-61AED705D266}"
EndProject
Project("{FAE04EC0-301F-11D3-BF4B-00C04F79EFBC}") = "SoftimProject.Infrastructure.Tests", "tests\SoftimProject.Infrastructure.Tests\SoftimProject.Infrastructure.Tests.csproj", "{1D7376FD-5FF8-42E4-83DA-B731E80EB15F}"
EndProject
Project("{FAE04EC0-301F-11D3-BF4B-00C04F79EFBC}") = "SoftimProject.WebApi.Tests", "tests\SoftimProject.WebApi.Tests\SoftimProject.WebApi.Tests.csproj", "{CEDEAB76-B82B-477F-B694-64A2BDCCA2B6}"
EndProject
Global
	GlobalSection(SolutionConfigurationPlatforms) = preSolution
		Debug|Any CPU = Debug|Any CPU
		Debug|x64 = Debug|x64
		Debug|x86 = Debug|x86
		Release|Any CPU = Release|Any CPU
		Release|x64 = Release|x64
		Release|x86 = Release|x86
	EndGlobalSection
	GlobalSection(ProjectConfigurationPlatforms) = postSolution
		{425CAE8C-C1CB-40F6-8E7F-A18EF63A2C2A}.Debug|Any CPU.ActiveCfg = Debug|Any CPU
		{425CAE8C-C1CB-40F6-8E7F-A18EF63A2C2A}.Debug|Any CPU.Build.0 = Debug|Any CPU
		{425CAE8C-C1CB-40F6-8E7F-A18EF63A2C2A}.Debug|x64.ActiveCfg = Debug|Any CPU
		{425CAE8C-C1CB-40F6-8E7F-A18EF63A2C2A}.Debug|x64.Build.0 = Debug|Any CPU
		{425CAE8C-C1CB-40F6-8E7F-A18EF63A2C2A}.Debug|x86.ActiveCfg = Debug|Any CPU
		{425CAE8C-C1CB-40F6-8E7F-A18EF63A2C2A}.Debug|x86.Build.0 = Debug|Any CPU
		{425CAE8C-C1CB-40F6-8E7F-A18EF63A2C2A}.Release|Any CPU.ActiveCfg = Release|Any CPU
		{425CAE8C-C1CB-40F6-8E7F-A18EF63A2C2A}.Release|Any CPU.Build.0 = Release|Any CPU
		{425CAE8C-C1CB-40F6-8E7F-A18EF63A2C2A}.Release|x64.ActiveCfg = Release|Any CPU
		{425CAE8C-C1CB-40F6-8E7F-A18EF63A2C2A}.Release|x64.Build.0 = Release|Any CPU
		{425CAE8C-C1CB-40F6-8E7F-A18EF63A2C2A}.Release|x86.ActiveCfg = Release|Any CPU
		{425CAE8C-C1CB-40F6-8E7F-A18EF63A2C2A}.Release|x86.Build.0 = Release|Any CPU
		{297873C3-C6BF-458C-BB56-1389D4482D2E}.Debug|Any CPU.ActiveCfg = Debug|Any CPU
		{297873C3-C6BF-458C-BB56-1389D4482D2E}.Debug|Any CPU.Build.0 = Debug|Any CPU
		{297873C3-C6BF-458C-BB56-1389D4482D2E}.Debug|x64.ActiveCfg = Debug|Any CPU
		{297873C3-C6BF-458C-BB56-1389D4482D2E}.Debug|x64.Build.0 = Debug|Any CPU
		{297873C3-C6BF-458C-BB56-1389D4482D2E}.Debug|x86.ActiveCfg = Debug|Any CPU
		{297873C3-C6BF-458C-BB56-1389D4482D2E}.Debug|x86.Build.0 = Debug|Any CPU
		{297873C3-C6BF-458C-BB56-1389D4482D2E}.Release|Any CPU.ActiveCfg = Release|Any CPU
		{297873C3-C6BF-458C-BB56-1389D4482D2E}.Release|Any CPU.Build.0 = Release|Any CPU
		{297873C3-C6BF-458C-BB56-1389D4482D2E}.Release|x64.ActiveCfg = Release|Any CPU
		{297873C3-C6BF-458C-BB56-1389D4482D2E}.Release|x64.Build.0 = Release|Any CPU
		{297873C3-C6BF-458C-BB56-1389D4482D2E}.Release|x86.ActiveCfg = Release|Any CPU
		{297873C3-C6BF-458C-BB56-1389D4482D2E}.Release|x86.Build.0 = Release|Any CPU
		{1325F13D-766D-42F4-B589-F830BB302E67}.Debug|Any CPU.ActiveCfg = Debug|Any CPU
		{1325F13D-766D-42F4-B589-F830BB302E67}.Debug|Any CPU.Build.0 = Debug|Any CPU
		{1325F13D-766D-42F4-B589-F830BB302E67}.Debug|x64.ActiveCfg = Debug|Any CPU
		{1325F13D-766D-42F4-B589-F830BB302E67}.Debug|x64.Build.0 = Debug|Any CPU
		{1325F13D-766D-42F4-B589-F830BB302E67}.Debug|x86.ActiveCfg = Debug|Any CPU
		{1325F13D-766D-42F4-B589-F830BB302E67}.Debug|x86.Build.0 = Debug|Any CPU
		{1325F13D-766D-42F4-B589-F830BB302E67}.Release|Any CPU.ActiveCfg = Release|Any CPU
		{1325F13D-766D-42F4-B589-F830BB302E67}.Release|Any CPU.Build.0 = Release|Any CPU
		{1325F13D-766D-42F4-B589-F830BB302E67}.Release|x64.ActiveCfg = Release|Any CPU
		{1325F13D-766D-42F4-B589-F830BB302E67}.Release|x64.Build.0 = Release|Any CPU
		{1325F13D-766D-42F4-B589-F830BB302E67}.Release|x86.ActiveCfg = Release|Any CPU
		{1325F13D-766D-42F4-B589-F830BB302E67}.Release|x86.Build.0 = Release|Any CPU
		{B4F3BBDE-8588-4FC2-97D6-B87FDE29EF4D}.Debug|Any CPU.ActiveCfg = Debug|Any CPU
		{B4F3BBDE-8588-4FC2-97D6-B87FDE29EF4D}.Debug|Any CPU.Build.0 = Debug|Any CPU
		{B4F3BBDE-8588-4FC2-97D6-B87FDE29EF4D}.Debug|x64.ActiveCfg = Debug|Any CPU
		{B4F3BBDE-8588-4FC2-97D6-B87FDE29EF4D}.Debug|x64.Build.0 = Debug|Any CPU
		{B4F3BBDE-8588-4FC2-97D6-B87FDE29EF4D}.Debug|x86.ActiveCfg = Debug|Any CPU
		{B4F3BBDE-8588-4FC2-97D6-B87FDE29EF4D}.Debug|x86.Build.0 = Debug|Any CPU
		{B4F3BBDE-8588-4FC2-97D6-B87FDE29EF4D}.Release|Any CPU.ActiveCfg = Release|Any CPU
		{B4F3BBDE-8588-4FC2-97D6-B87FDE29EF4D}.Release|Any CPU.Build.0 = Release|Any CPU
		{B4F3BBDE-8588-4FC2-97D6-B87FDE29EF4D}.Release|x64.ActiveCfg = Release|Any CPU
		{B4F3BBDE-8588-4FC2-97D6-B87FDE29EF4D}.Release|x64.Build.0 = Release|Any CPU
		{B4F3BBDE-8588-4FC2-97D6-B87FDE29EF4D}.Release|x86.ActiveCfg = Release|Any CPU
		{B4F3BBDE-8588-4FC2-97D6-B87FDE29EF4D}.Release|x86.Build.0 = Release|Any CPU
		{62D8DC2A-BF20-4CDA-B8D8-2ACE430F27F9}.Debug|Any CPU.ActiveCfg = Debug|Any CPU
		{62D8DC2A-BF20-4CDA-B8D8-2ACE430F27F9}.Debug|Any CPU.Build.0 = Debug|Any CPU
		{62D8DC2A-BF20-4CDA-B8D8-2ACE430F27F9}.Debug|x64.ActiveCfg = Debug|Any CPU
		{62D8DC2A-BF20-4CDA-B8D8-2ACE430F27F9}.Debug|x64.Build.0 = Debug|Any CPU
		{62D8DC2A-BF20-4CDA-B8D8-2ACE430F27F9}.Debug|x86.ActiveCfg = Debug|Any CPU
		{62D8DC2A-BF20-4CDA-B8D8-2ACE430F27F9}.Debug|x86.Build.0 = Debug|Any CPU
		{62D8DC2A-BF20-4CDA-B8D8-2ACE430F27F9}.Release|Any CPU.ActiveCfg = Release|Any CPU
		{62D8DC2A-BF20-4CDA-B8D8-2ACE430F27F9}.Release|Any CPU.Build.0 = Release|Any CPU
		{62D8DC2A-BF20-4CDA-B8D8-2ACE430F27F9}.Release|x64.ActiveCfg = Release|Any CPU
		{62D8DC2A-BF20-4CDA-B8D8-2ACE430F27F9}.Release|x64.Build.0 = Release|Any CPU
		{62D8DC2A-BF20-4CDA-B8D8-2ACE430F27F9}.Release|x86.ActiveCfg = Release|Any CPU
		{62D8DC2A-BF20-4CDA-B8D8-2ACE430F27F9}.Release|x86.Build.0 = Release|Any CPU
		{FB416721-CD0B-4F2A-8A4E-31AE3674E13A}.Debug|Any CPU.ActiveCfg = Debug|Any CPU
		{FB416721-CD0B-4F2A-8A4E-31AE3674E13A}.Debug|Any CPU.Build.0 = Debug|Any CPU
		{FB416721-CD0B-4F2A-8A4E-31AE3674E13A}.Debug|x64.ActiveCfg = Debug|Any CPU
		{FB416721-CD0B-4F2A-8A4E-31AE3674E13A}.Debug|x64.Build.0 = Debug|Any CPU
		{FB416721-CD0B-4F2A-8A4E-31AE3674E13A}.Debug|x86.ActiveCfg = Debug|Any CPU
		{FB416721-CD0B-4F2A-8A4E-31AE3674E13A}.Debug|x86.Build.0 = Debug|Any CPU
		{FB416721-CD0B-4F2A-8A4E-31AE3674E13A}.Release|Any CPU.ActiveCfg = Release|Any CPU
		{FB416721-CD0B-4F2A-8A4E-31AE3674E13A}.Release|Any CPU.Build.0 = Release|Any CPU
		{FB416721-CD0B-4F2A-8A4E-31AE3674E13A}.Release|x64.ActiveCfg = Release|Any CPU
		{FB416721-CD0B-4F2A-8A4E-31AE3674E13A}.Release|x64.Build.0 = Release|Any CPU
		{FB416721-CD0B-4F2A-8A4E-31AE3674E13A}.Release|x86.ActiveCfg = Release|Any CPU
		{FB416721-CD0B-4F2A-8A4E-31AE3674E13A}.Release|x86.Build.0 = Release|Any CPU
		{AC3BE052-D920-4560-9173-61AED705D266}.Debug|Any CPU.ActiveCfg = Debug|Any CPU
		{AC3BE052-D920-4560-9173-61AED705D266}.Debug|Any CPU.Build.0 = Debug|Any CPU
		{AC3BE052-D920-4560-9173-61AED705D266}.Debug|x64.ActiveCfg = Debug|Any CPU
		{AC3BE052-D920-4560-9173-61AED705D266}.Debug|x64.Build.0 = Debug|Any CPU
		{AC3BE052-D920-4560-9173-61AED705D266}.Debug|x86.ActiveCfg = Debug|Any CPU
		{AC3BE052-D920-4560-9173-61AED705D266}.Debug|x86.Build.0 = Debug|Any CPU
		{AC3BE052-D920-4560-9173-61AED705D266}.Release|Any CPU.ActiveCfg = Release|Any CPU
		{AC3BE052-D920-4560-9173-61AED705D266}.Release|Any CPU.Build.0 = Release|Any CPU
		{AC3BE052-D920-4560-9173-61AED705D266}.Release|x64.ActiveCfg = Release|Any CPU
		{AC3BE052-D920-4560-9173-61AED705D266}.Release|x64.Build.0 = Release|Any CPU
		{AC3BE052-D920-4560-9173-61AED705D266}.Release|x86.ActiveCfg = Release|Any CPU
		{AC3BE052-D920-4560-9173-61AED705D266}.Release|x86.Build.0 = Release|Any CPU
		{1D7376FD-5FF8-42E4-83DA-B731E80EB15F}.Debug|Any CPU.ActiveCfg = Debug|Any CPU
		{1D7376FD-5FF8-42E4-83DA-B731E80EB15F}.Debug|Any CPU.Build.0 = Debug|Any CPU
		{1D7376FD-5FF8-42E4-83DA-B731E80EB15F}.Debug|x64.ActiveCfg = Debug|Any CPU
		{1D7376FD-5FF8-42E4-83DA-B731E80EB15F}.Debug|x64.Build.0 = Debug|Any CPU
		{1D7376FD-5FF8-42E4-83DA-B731E80EB15F}.Debug|x86.ActiveCfg = Debug|Any CPU
		{1D7376FD-5FF8-42E4-83DA-B731E80EB15F}.Debug|x86.Build.0 = Debug|Any CPU
		{1D7376FD-5FF8-42E4-83DA-B731E80EB15F}.Release|Any CPU.ActiveCfg = Release|Any CPU
		{1D7376FD-5FF8-42E4-83DA-B731E80EB15F}.Release|Any CPU.Build.0 = Release|Any CPU
		{1D7376FD-5FF8-42E4-83DA-B731E80EB15F}.Release|x64.ActiveCfg = Release|Any CPU
		{1D7376FD-5FF8-42E4-83DA-B731E80EB15F}.Release|x64.Build.0 = Release|Any CPU
		{1D7376FD-5FF8-42E4-83DA-B731E80EB15F}.Release|x86.ActiveCfg = Release|Any CPU
		{1D7376FD-5FF8-42E4-83DA-B731E80EB15F}.Release|x86.Build.0 = Release|Any CPU
		{CEDEAB76-B82B-477F-B694-64A2BDCCA2B6}.Debug|Any CPU.ActiveCfg = Debug|Any CPU
		{CEDEAB76-B82B-477F-B694-64A2BDCCA2B6}.Debug|Any CPU.Build.0 = Debug|Any CPU
		{CEDEAB76-B82B-477F-B694-64A2BDCCA2B6}.Debug|x64.ActiveCfg = Debug|Any CPU
		{CEDEAB76-B82B-477F-B694-64A2BDCCA2B6}.Debug|x64.Build.0 = Debug|Any CPU
		{CEDEAB76-B82B-477F-B694-64A2BDCCA2B6}.Debug|x86.ActiveCfg = Debug|Any CPU
		{CEDEAB76-B82B-477F-B694-64A2BDCCA2B6}.Debug|x86.Build.0 = Debug|Any CPU
		{CEDEAB76-B82B-477F-B694-64A2BDCCA2B6}.Release|Any CPU.ActiveCfg = Release|Any CPU
		{CEDEAB76-B82B-477F-B694-64A2BDCCA2B6}.Release|Any CPU.Build.0 = Release|Any CPU
		{CEDEAB76-B82B-477F-B694-64A2BDCCA2B6}.Release|x64.ActiveCfg = Release|Any CPU
		{CEDEAB76-B82B-477F-B694-64A2BDCCA2B6}.Release|x64.Build.0 = Release|Any CPU
		{CEDEAB76-B82B-477F-B694-64A2BDCCA2B6}.Release|x86.ActiveCfg = Release|Any CPU
		{CEDEAB76-B82B-477F-B694-64A2BDCCA2B6}.Release|x86.Build.0 = Release|Any CPU
	EndGlobalSection
	GlobalSection(SolutionProperties) = preSolution
		HideSolutionNode = FALSE
	EndGlobalSection
	GlobalSection(NestedProjects) = preSolution
		{425CAE8C-C1CB-40F6-8E7F-A18EF63A2C2A} = {827E0CD3-B72D-47B6-A68D-7590B98EB39B}
		{297873C3-C6BF-458C-BB56-1389D4482D2E} = {827E0CD3-B72D-47B6-A68D-7590B98EB39B}
		{1325F13D-766D-42F4-B589-F830BB302E67} = {827E0CD3-B72D-47B6-A68D-7590B98EB39B}
		{B4F3BBDE-8588-4FC2-97D6-B87FDE29EF4D} = {827E0CD3-B72D-47B6-A68D-7590B98EB39B}
		{62D8DC2A-BF20-4CDA-B8D8-2ACE430F27F9} = {827E0CD3-B72D-47B6-A68D-7590B98EB39B}
		{FB416721-CD0B-4F2A-8A4E-31AE3674E13A} = {0AB3BF05-4346-4AA6-1389-037BE0695223}
		{AC3BE052-D920-4560-9173-61AED705D266} = {0AB3BF05-4346-4AA6-1389-037BE0695223}
		{1D7376FD-5FF8-42E4-83DA-B731E80EB15F} = {0AB3BF05-4346-4AA6-1389-037BE0695223}
		{CEDEAB76-B82B-477F-B694-64A2BDCCA2B6} = {0AB3BF05-4346-4AA6-1389-037BE0695223}
	EndGlobalSection
EndGlobal
